<?xml version="1.0" encoding="utf-8"?>
<Project ToolsVersion="4.0" xmlns="http://schemas.microsoft.com/developer/msbuild/2003">
  <ItemGroup>
    <Filter Include="Source Files">
      <UniqueIdentifier>{4FC737F1-C7A5-4376-A066-2A32D752A2FF}</UniqueIdentifier>
      <Extensions>cpp;c;cc;cxx;c++;cppm;ixx;def;odl;idl;hpj;bat;asm;asmx</Extensions>
    </Filter>
    <Filter Include="Header Files">
      <UniqueIdentifier>{93995380-89BD-4b04-88EB-625FBE52EBFB}</UniqueIdentifier>
      <Extensions>h;hh;hpp;hxx;h++;hm;inl;inc;ipp;xsd</Extensions>
    </Filter>
  </ItemGroup>
  <ItemGroup>
    <ClCompile Include="src\comm.c">
      <Filter>Source Files</Filter>
    </ClCompile>
    <ClCompile Include="src\crystal.c">
      <Filter>Source Files</Filter>
    </ClCompile>
    <ClCompile Include="src\fail.c">
      <Filter>Source Files</Filter>
    </ClCompile>
    <ClCompile Include="src\fcrystal.c">
      <Filter>Source Files</Filter>
    </ClCompile>
    <ClCompile Include="src\findpts.c">
      <Filter>Source Files</Filter>
    </ClCompile>
    <ClCompile Include="src\findpts_el_2.c">
      <Filter>Source Files</Filter>
    </ClCompile>
    <ClCompile Include="src\findpts_el_3.c">
      <Filter>Source Files</Filter>
    </ClCompile>
    <ClCompile Include="src\findpts_local.c">
      <Filter>Source Files</Filter>
    </ClCompile>
    <ClCompile Include="src\gen_poly_imp.c">
      <Filter>Source Files</Filter>
    </ClCompile>
    <ClCompile Include="src\gs.c">
      <Filter>Source Files</Filter>
    </ClCompile>
    <ClCompile Include="src\gs_local.c">
      <Filter>Source Files</Filter>
    </ClCompile>
    <ClCompile Include="src\lob_bnd.c">
      <Filter>Source Files</Filter>
    </ClCompile>
    <ClCompile Include="src\obbox.c">
      <Filter>Source Files</Filter>
    </ClCompile>
    <ClCompile Include="src\poly.c">
      <Filter>Source Files</Filter>
    </ClCompile>
    <ClCompile Include="src\sarray_sort.c">
      <Filter>Source Files</Filter>
    </ClCompile>
    <ClCompile Include="src\sarray_transfer.c">
      <Filter>Source Files</Filter>
    </ClCompile>
    <ClCompile Include="src\sort.c">
      <Filter>Source Files</Filter>
    </ClCompile>
    <ClCompile Include="src\tensor.c">
      <Filter>Source Files</Filter>
    </ClCompile>
  </ItemGroup>
  <ItemGroup>
    <ClInclude Include="src\c99.h">
      <Filter>Header Files</Filter>
    </ClInclude>
    <ClInclude Include="src\comm.h">
      <Filter>Header Files</Filter>
    </ClInclude>
    <ClInclude Include="src\crystal.h">
      <Filter>Header Files</Filter>
    </ClInclude>
    <ClInclude Include="src\fail.h">
      <Filter>Header Files</Filter>
    </ClInclude>
    <ClInclude Include="src\findpts.h">
      <Filter>Header Files</Filter>
    </ClInclude>
    <ClInclude Include="src\findpts_el.h">
      <Filter>Header Files</Filter>
    </ClInclude>
    <ClInclude Include="src\findpts_imp.h">
      <Filter>Header Files</Filter>
    </ClInclude>
    <ClInclude Include="src\findpts_local.h">
      <Filter>Header Files</Filter>
    </ClInclude>
    <ClInclude Include="src\findpts_local_imp.h">
      <Filter>Header Files</Filter>
    </ClInclude>
    <ClInclude Include="src\gs.h">
      <Filter>Header Files</Filter>
    </ClInclude>
    <ClInclude Include="src\gs_defs.h">
      <Filter>Header Files</Filter>
    </ClInclude>
    <ClInclude Include="src\gs_local.h">
      <Filter>Header Files</Filter>
    </ClInclude>
    <ClInclude Include="src\gslib.h">
      <Filter>Header Files</Filter>
    </ClInclude>
    <ClInclude Include="src\lob_bnd.h">
      <Filter>Header Files</Filter>
    </ClInclude>
    <ClInclude Include="src\mem.h">
      <Filter>Header Files</Filter>
    </ClInclude>
    <ClInclude Include="src\name.h">
      <Filter>Header Files</Filter>
    </ClInclude>
    <ClInclude Include="src\obbox.h">
      <Filter>Header Files</Filter>
    </ClInclude>
    <ClInclude Include="src\poly.h">
      <Filter>Header Files</Filter>
    </ClInclude>
    <ClInclude Include="src\poly_imp.h">
      <Filter>Header Files</Filter>
    </ClInclude>
    <ClInclude Include="src\sarray_sort.h">
      <Filter>Header Files</Filter>
    </ClInclude>
    <ClInclude Include="src\sarray_transfer.h">
      <Filter>Header Files</Filter>
    </ClInclude>
    <ClInclude Include="src\sort.h">
      <Filter>Header Files</Filter>
    </ClInclude>
    <ClInclude Include="src\sort_imp.h">
      <Filter>Header Files</Filter>
    </ClInclude>
    <ClInclude Include="src\tensor.h">
      <Filter>Header Files</Filter>
    </ClInclude>
    <ClInclude Include="src\types.h">
      <Filter>Header Files</Filter>
    </ClInclude>
  </ItemGroup>
</Project>